{
  "name": "istaff",
  "version": "0.1.0",
  "lockfileVersion": 1,
  "requires": true,
  "dependencies": {
    "firebase": {
      "version": "4.13.1",
      "resolved": "https://registry.npmjs.org/firebase/-/firebase-4.13.1.tgz",
      "integrity": "sha512-vi+DbUPRrsUaLxuMLgCuyISTBNQ/TqrEwWzUpMqyABPwE6YhGplNnCDPs+/kRDXxdqWUdwrUEXo1ansBSimoNw=="
    },
    "firebase-admin": {
      "version": "5.12.0",
      "resolved": "https://registry.npmjs.org/firebase-admin/-/firebase-admin-5.12.0.tgz",
      "integrity": "sha1-MpGwRmtNFhy0E16DyX+YeOd2jKw=",
      "dependencies": {
        "@firebase/app": {
          "version": "0.1.10",
          "resolved": "https://registry.npmjs.org/@firebase/app/-/app-0.1.10.tgz",
          "integrity": "sha512-2GTXt3b2QZXkmx6/5nNJq+pEN/VTjAG55MFJS1WMoLVZkwKuNpWNk65QVyPaoL88x1iHtuLqAMFgJUOnhOg+Pw=="
        },
        "@firebase/app-types": {
          "version": "0.1.2",
          "resolved": "https://registry.npmjs.org/@firebase/app-types/-/app-types-0.1.2.tgz",
          "integrity": "sha512-bCIZGeMtP0ibrXNNaU214/1tRNw0jHnir/cfiAao1gjUyIS7RzOTQoH+zbwPJNEwUqJ0T3ykw/Tv4/khGqbVBg=="
        },
        "@firebase/util": {
          "version": "0.1.10",
          "resolved": "https://registry.npmjs.org/@firebase/util/-/util-0.1.10.tgz",
          "integrity": "sha512-XEogRfUQBZ4T37TMq/3ZbuiTdRAKX8hF3TgJglUZNCJf/6QnQ+jlupCuMAXBqCGfw2Mw0m2matoCUBWpsyevOA=="
        },
        "faye-websocket": {
          "version": "0.9.3",
          "resolved": "https://registry.npmjs.org/faye-websocket/-/faye-websocket-0.9.3.tgz",
          "integrity": "sha1-SCpQWw3wrmJrlphm0710DNuWLoM="
        },
        "jsonwebtoken": {
          "version": "8.1.0",
          "resolved": "https://registry.npmjs.org/jsonwebtoken/-/jsonwebtoken-8.1.0.tgz",
          "integrity": "sha1-xjl80uX9WD1lwAeoPce7eOaYK4M="
        },
        "node-forge": {
          "version": "0.7.4",
          "resolved": "https://registry.npmjs.org/node-forge/-/node-forge-0.7.4.tgz",
          "integrity": "sha512-8Df0906+tq/omxuCZD6PqhPaQDYuyJ1d+VITgxoIA8zvQd1ru+nMJcDChHH324MWitIgbVkAkQoGEEVJNpn/PA=="
        }
      }
    },
    "firebase-tools": {
      "version": "3.18.4",
      "resolved": "https://registry.npmjs.org/firebase-tools/-/firebase-tools-3.18.4.tgz",
      "integrity": "sha1-SftA4eGnyXeSG3s+zhLajNsTlVA=",
      "dependencies": {
        "ansi-escapes": {
          "version": "1.4.0",
          "resolved": "https://registry.npmjs.org/ansi-escapes/-/ansi-escapes-1.4.0.tgz",
          "integrity": "sha1-06ioOzGapneTZisT52HHkRQiMG4="
        },
        "cli-cursor": {
          "version": "1.0.2",
          "resolved": "https://registry.npmjs.org/cli-cursor/-/cli-cursor-1.0.2.tgz",
          "integrity": "sha1-ZNo/fValRBLll5S9Ytw1KV6PKYc="
        },
        "configstore": {
          "version": "1.4.0",
          "resolved": "https://registry.npmjs.org/configstore/-/configstore-1.4.0.tgz",
          "integrity": "sha1-w1eB0FAdJowlxUuLF/YkDopPsCE=",
          "dependencies": {
            "uuid": {
              "version": "2.0.3",
              "resolved": "https://registry.npmjs.org/uuid/-/uuid-2.0.3.tgz",
              "integrity": "sha1-Z+LoY3lyFVMN/zGOW/nc6/1Hsho="
            }
          }
        },
        "cross-spawn": {
          "version": "4.0.2",
          "resolved": "https://registry.npmjs.org/cross-spawn/-/cross-spawn-4.0.2.tgz",
          "integrity": "sha1-e5JHYhwjrf3ThWAEqCPL45dCTUE="
        },
        "figures": {
          "version": "1.7.0",
          "resolved": "https://registry.npmjs.org/figures/-/figures-1.7.0.tgz",
          "integrity": "sha1-y+Hjr/zxzUS4DK3+0o3Hk6lwHS4="
        },
        "firebase": {
          "version": "2.4.2",
          "resolved": "https://registry.npmjs.org/firebase/-/firebase-2.4.2.tgz",
          "integrity": "sha1-ThEZ7AOWylYdinrL/xYw/qxsCjE=",
          "dependencies": {
            "faye-websocket": {
              "version": "https://registry.npmjs.org/faye-websocket/-/faye-websocket-0.9.3.tgz",
              "integrity": "sha1-SCpQWw3wrmJrlphm0710DNuWLoM=",
              "dependencies": {
                "websocket-driver": {
                  "version": "https://registry.npmjs.org/websocket-driver/-/websocket-driver-0.5.2.tgz",
                  "integrity": "sha1-jHyF2gcTtAYFVrTXHAF3XuEmnrk=",
                  "dependencies": {
                    "websocket-extensions": {
                      "version": "https://registry.npmjs.org/websocket-extensions/-/websocket-extensions-0.1.1.tgz",
                      "integrity": "sha1-domUmcGEtu91Q3fC27DNbLVdKec="
                    }
                  }
                }
              }
            }
          }
        },
        "fs-extra": {
          "version": "0.23.1",
          "resolved": "https://registry.npmjs.org/fs-extra/-/fs-extra-0.23.1.tgz",
          "integrity": "sha1-ZhHbpq3yq43Jxp+rN83fiBgVfj0="
        },
        "got": {
          "version": "3.3.1",
          "resolved": "https://registry.npmjs.org/got/-/got-3.3.1.tgz",
          "integrity": "sha1-5dDtSvVfw+701WAHdp2YGSvLLso=",
          "dependencies": {
            "object-assign": {
              "version": "3.0.0",
              "resolved": "https://registry.npmjs.org/object-assign/-/object-assign-3.0.0.tgz",
              "integrity": "sha1-m+3VygiXlJvKR+f/QIBi1Un1h/I="
            }
          }
        },
        "inquirer": {
          "version": "0.12.0",
          "resolved": "https://registry.npmjs.org/inquirer/-/inquirer-0.12.0.tgz",
          "integrity": "sha1-HvK/1jUE3wvHV4X/+MLEHfEvB34="
        },
        "is-fullwidth-code-point": {
          "version": "1.0.0",
          "resolved": "https://registry.npmjs.org/is-fullwidth-code-point/-/is-fullwidth-code-point-1.0.0.tgz",
          "integrity": "sha1-754xOG8DGn8NZDr4L95QxFfvAMs="
        },
        "jsonfile": {
          "version": "2.4.0",
          "resolved": "https://registry.npmjs.org/jsonfile/-/jsonfile-2.4.0.tgz",
          "integrity": "sha1-NzaitCi4e72gzIO1P6PWM6NcKug="
        },
        "latest-version": {
          "version": "1.0.1",
          "resolved": "https://registry.npmjs.org/latest-version/-/latest-version-1.0.1.tgz",
          "integrity": "sha1-cs/Ebj6NG+ZR4eu1Tqn26pbzdLs="
        },
        "onetime": {
          "version": "1.1.0",
          "resolved": "https://registry.npmjs.org/onetime/-/onetime-1.1.0.tgz",
          "integrity": "sha1-ofeDj4MUxRbwXs78vEzP4EtO14k="
        },
        "package-json": {
          "version": "1.2.0",
          "resolved": "https://registry.npmjs.org/package-json/-/package-json-1.2.0.tgz",
          "integrity": "sha1-yOysCUInzfdqMWh07QXifMk5oOA="
        },
        "repeating": {
          "version": "1.1.3",
          "resolved": "https://registry.npmjs.org/repeating/-/repeating-1.1.3.tgz",
          "integrity": "sha1-PUEUIYh3U3SU+X93+Xhfq4EPpKw="
        },
        "restore-cursor": {
          "version": "1.0.1",
          "resolved": "https://registry.npmjs.org/restore-cursor/-/restore-cursor-1.0.1.tgz",
          "integrity": "sha1-NGYfRohjJ/7SmRR5FSJS35LapUE="
        },
        "run-async": {
          "version": "0.1.0",
          "resolved": "https://registry.npmjs.org/run-async/-/run-async-0.1.0.tgz",
          "integrity": "sha1-yK1KXhEGYeQCp9IbUw4AnyX444k="
        },
        "rx-lite": {
          "version": "3.1.2",
          "resolved": "https://registry.npmjs.org/rx-lite/-/rx-lite-3.1.2.tgz",
          "integrity": "sha1-Gc5QLKVyZl87ZHsQk5+X/RYV8QI="
        },
        "string-width": {
          "version": "1.0.2",
          "resolved": "https://registry.npmjs.org/string-width/-/string-width-1.0.2.tgz",
          "integrity": "sha1-EYvfW4zcUaKn5w0hHgfisLmxB9M="
        },
        "timed-out": {
          "version": "2.0.0",
          "resolved": "https://registry.npmjs.org/timed-out/-/timed-out-2.0.0.tgz",
          "integrity": "sha1-84sK6B03R9YoAB9B2vxlKs5nHAo="
        },
        "update-notifier": {
          "version": "0.5.0",
          "resolved": "https://registry.npmjs.org/update-notifier/-/update-notifier-0.5.0.tgz",
          "integrity": "sha1-B7XcIGazYnqztPUwEw9+3doHpMw="
        },
        "write-file-atomic": {
          "version": "1.3.4",
          "resolved": "https://registry.npmjs.org/write-file-atomic/-/write-file-atomic-1.3.4.tgz",
          "integrity": "sha1-+Aek8LHZ6ROuekgRLmzDrxmRtF8="
        },
        "xdg-basedir": {
          "version": "2.0.0",
          "resolved": "https://registry.npmjs.org/xdg-basedir/-/xdg-basedir-2.0.0.tgz",
          "integrity": "sha1-7byQPMOF/ARSPZZqM1UEtVBNG9I="
        }
      }
    },
    "jquery": {
      "version": "3.5.0",
      "resolved": "https://registry.npmjs.org/jquery/-/jquery-3.5.0.tgz",
      "integrity": "sha512-Xb7SVYMvygPxbFMpTFQiHh1J7HClEaThguL15N/Gg37Lri/qKyhRGZYzHRyLH8Stq3Aow0LsHO2O2ci86fCrNQ=="
    },
    "materialize-css": {
      "version": "1.0.0-beta",
      "resolved": "https://registry.npmjs.org/materialize-css/-/materialize-css-1.0.0-beta.tgz",
      "integrity": "sha1-/nm7p/qnfSd1aLKQ4fdbDYxjWSY="
    },
    "prop-types": {
      "version": "15.6.1",
      "resolved": "https://registry.npmjs.org/prop-types/-/prop-types-15.6.1.tgz",
      "integrity": "sha512-4ec7bY1Y66LymSUOH/zARVYObB23AT2h8cf6e/O6ZALB/N0sqZFEx7rq6EYPX2MkOdKORuooI/H5k9TlR4q7kQ=="
    },
    "re-base": {
      "version": "3.2.2",
      "resolved": "https://registry.npmjs.org/re-base/-/re-base-3.2.2.tgz",
      "integrity": "sha512-qaIom3ojErDpCOO9PIrio+fxR4WxB71fLNIJLtWs+QyOHUxM1hQyNcH4+mMCBO/9RglRhznlG8jEJnTbUogklQ=="
    },
    "react": {
      "version": "16.3.1",
      "resolved": "https://registry.npmjs.org/react/-/react-16.3.1.tgz",
      "integrity": "sha512-NbkxN9jsZ6+G+ICsLdC7/wUD26uNbvKU/RAxEWgc9kcdKvROt+5d5j2cNQm5PSFTQ4WNGsR3pa4qL2Q0/WSy1w=="
    },
    "react-classset": {
      "version": "0.0.2",
      "resolved": "https://registry.npmjs.org/react-classset/-/react-classset-0.0.2.tgz",
      "integrity": "sha1-rcYnmKy6jAsikFBsGQ6gkqWcH1M="
    },
    "react-dom": {
      "version": "16.3.1",
      "resolved": "https://registry.npmjs.org/react-dom/-/react-dom-16.3.1.tgz",
      "integrity": "sha512-2Infg89vzahq8nfVi1GkjPqq0vrBvf0f3T0+dTtyjq4f6HKOqKixAK25Vr593O3QTx4kw/vmUtAJwerlevNWOA=="
    },
    "react-router-dom": {
      "version": "4.2.2",
      "resolved": "https://registry.npmjs.org/react-router-dom/-/react-router-dom-4.2.2.tgz",
      "integrity": "sha512-cHMFC1ZoLDfEaMFoKTjN7fry/oczMgRt5BKfMAkTu5zEuJvUiPp1J8d0eXSVTnBh6pxlbdqDhozunOOLtmKfPA=="
    },
    "react-scripts": {
      "version": "1.1.4",
      "resolved": "https://registry.npmjs.org/react-scripts/-/react-scripts-1.1.4.tgz",
      "integrity": "sha512-UVZIujEIT9BGbx+NGvyfS92eOrNIIpqqFi1FP7a0O9l94A/XV7bhPk70SfDKaXZouCX81tFdXo0948DjhCEgGw==",
      "dependencies": {
        "promise": {
          "version": "8.0.1",
          "resolved": "https://registry.npmjs.org/promise/-/promise-8.0.1.tgz",
          "integrity": "sha1-5F1osAoXZHttpxG/he1u1HII9FA="
        },
        "whatwg-fetch": {
          "version": "2.0.3",
          "resolved": "https://registry.npmjs.org/whatwg-fetch/-/whatwg-fetch-2.0.3.tgz",
          "integrity": "sha1-nITsLc9oGH/wC8ZOEnS0QhduHIQ="
        }
      }
    }
  }
}
